
Microsoft Visual Studio Solution File, Format Version 12.00
# Visual Studio Version 17
VisualStudioVersion = 17.6.33723.286
MinimumVisualStudioVersion = 10.0.40219.1
Project("{8BC9CEB8-8B4A-11D0-8D11-00A0C91BC942}") = "hw13.06", "hw13.06\hw13.06.vcxproj", "{F026F3CE-749F-4DAC-9F33-93E4F7964494}"
EndProject
Global
	GlobalSection(SolutionConfigurationPlatforms) = preSolution
		Debug|x64 = Debug|x64
		Debug|x86 = Debug|x86
		Release|x64 = Release|x64
		Release|x86 = Release|x86
	EndGlobalSection
	GlobalSection(ProjectConfigurationPlatforms) = postSolution
		{F026F3CE-749F-4DAC-9F33-93E4F7964494}.Debug|x64.ActiveCfg = Debug|x64
		{F026F3CE-749F-4DAC-9F33-93E4F7964494}.Debug|x64.Build.0 = Debug|x64
		{F026F3CE-749F-4DAC-9F33-93E4F7964494}.Debug|x86.ActiveCfg = Debug|Win32
		{F026F3CE-749F-4DAC-9F33-93E4F7964494}.Debug|x86.Build.0 = Debug|Win32
		{F026F3CE-749F-4DAC-9F33-93E4F7964494}.Release|x64.ActiveCfg = Release|x64
		{F026F3CE-749F-4DAC-9F33-93E4F7964494}.Release|x64.Build.0 = Release|x64
		{F026F3CE-749F-4DAC-9F33-93E4F7964494}.Release|x86.ActiveCfg = Release|Win32
		{F026F3CE-749F-4DAC-9F33-93E4F7964494}.Release|x86.Build.0 = Release|Win32
	EndGlobalSection
	GlobalSection(SolutionProperties) = preSolution
		HideSolutionNode = FALSE
	EndGlobalSection
	GlobalSection(ExtensibilityGlobals) = postSolution
		SolutionGuid = {6CF90225-827E-4BD0-96EB-16342C8B2808}
	EndGlobalSection
EndGlobal
